
Microsoft Visual Studio Solution File, Format Version 12.00
# Visual Studio Version 17
VisualStudioVersion = 17.12.35514.174
MinimumVisualStudioVersion = 10.0.40219.1
Project("{8BC9CEB8-8B4A-11D0-8D11-00A0C91BC942}") = "ConsoleApplicationBigIntegerPrimeSearch", "ConsoleApplicationBigIntegerPrimeSearch\ConsoleApplicationBigIntegerPrimeSearch.vcxproj", "{31115FE1-09A3-4750-8B86-EDB74CE78C87}"
EndProject
Project("{FAE04EC0-301F-11D3-BF4B-00C04F79EFBC}") = "PrimeSearchToDatabase", "PrimeSearchToDatabase\PrimeSearchToDatabase.csproj", "{741216D0-8712-415D-A504-5D5C09F468F5}"
EndProject
Project("{FAE04EC0-301F-11D3-BF4B-00C04F79EFBC}") = "CheckIfPrime", "CheckIfPrime\CheckIfPrime.csproj", "{0C074027-5886-4163-B847-AAC2209B6A44}"
EndProject
Global
	GlobalSection(SolutionConfigurationPlatforms) = preSolution
		Debug|Any CPU = Debug|Any CPU
		Debug|x64 = Debug|x64
		Debug|x86 = Debug|x86
		Release|Any CPU = Release|Any CPU
		Release|x64 = Release|x64
		Release|x86 = Release|x86
	EndGlobalSection
	GlobalSection(ProjectConfigurationPlatforms) = postSolution
		{31115FE1-09A3-4750-8B86-EDB74CE78C87}.Debug|Any CPU.ActiveCfg = Debug|x64
		{31115FE1-09A3-4750-8B86-EDB74CE78C87}.Debug|Any CPU.Build.0 = Debug|x64
		{31115FE1-09A3-4750-8B86-EDB74CE78C87}.Debug|x64.ActiveCfg = Debug|x64
		{31115FE1-09A3-4750-8B86-EDB74CE78C87}.Debug|x64.Build.0 = Debug|x64
		{31115FE1-09A3-4750-8B86-EDB74CE78C87}.Debug|x86.ActiveCfg = Debug|Win32
		{31115FE1-09A3-4750-8B86-EDB74CE78C87}.Debug|x86.Build.0 = Debug|Win32
		{31115FE1-09A3-4750-8B86-EDB74CE78C87}.Release|Any CPU.ActiveCfg = Release|x64
		{31115FE1-09A3-4750-8B86-EDB74CE78C87}.Release|Any CPU.Build.0 = Release|x64
		{31115FE1-09A3-4750-8B86-EDB74CE78C87}.Release|x64.ActiveCfg = Release|x64
		{31115FE1-09A3-4750-8B86-EDB74CE78C87}.Release|x64.Build.0 = Release|x64
		{31115FE1-09A3-4750-8B86-EDB74CE78C87}.Release|x86.ActiveCfg = Release|Win32
		{31115FE1-09A3-4750-8B86-EDB74CE78C87}.Release|x86.Build.0 = Release|Win32
		{741216D0-8712-415D-A504-5D5C09F468F5}.Debug|Any CPU.ActiveCfg = Debug|Any CPU
		{741216D0-8712-415D-A504-5D5C09F468F5}.Debug|Any CPU.Build.0 = Debug|Any CPU
		{741216D0-8712-415D-A504-5D5C09F468F5}.Debug|x64.ActiveCfg = Debug|Any CPU
		{741216D0-8712-415D-A504-5D5C09F468F5}.Debug|x64.Build.0 = Debug|Any CPU
		{741216D0-8712-415D-A504-5D5C09F468F5}.Debug|x86.ActiveCfg = Debug|Any CPU
		{741216D0-8712-415D-A504-5D5C09F468F5}.Debug|x86.Build.0 = Debug|Any CPU
		{741216D0-8712-415D-A504-5D5C09F468F5}.Release|Any CPU.ActiveCfg = Release|Any CPU
		{741216D0-8712-415D-A504-5D5C09F468F5}.Release|Any CPU.Build.0 = Release|Any CPU
		{741216D0-8712-415D-A504-5D5C09F468F5}.Release|x64.ActiveCfg = Release|Any CPU
		{741216D0-8712-415D-A504-5D5C09F468F5}.Release|x64.Build.0 = Release|Any CPU
		{741216D0-8712-415D-A504-5D5C09F468F5}.Release|x86.ActiveCfg = Release|Any CPU
		{741216D0-8712-415D-A504-5D5C09F468F5}.Release|x86.Build.0 = Release|Any CPU
		{0C074027-5886-4163-B847-AAC2209B6A44}.Debug|Any CPU.ActiveCfg = Debug|Any CPU
		{0C074027-5886-4163-B847-AAC2209B6A44}.Debug|Any CPU.Build.0 = Debug|Any CPU
		{0C074027-5886-4163-B847-AAC2209B6A44}.Debug|x64.ActiveCfg = Debug|Any CPU
		{0C074027-5886-4163-B847-AAC2209B6A44}.Debug|x64.Build.0 = Debug|Any CPU
		{0C074027-5886-4163-B847-AAC2209B6A44}.Debug|x86.ActiveCfg = Debug|Any CPU
		{0C074027-5886-4163-B847-AAC2209B6A44}.Debug|x86.Build.0 = Debug|Any CPU
		{0C074027-5886-4163-B847-AAC2209B6A44}.Release|Any CPU.ActiveCfg = Release|Any CPU
		{0C074027-5886-4163-B847-AAC2209B6A44}.Release|Any CPU.Build.0 = Release|Any CPU
		{0C074027-5886-4163-B847-AAC2209B6A44}.Release|x64.ActiveCfg = Release|Any CPU
		{0C074027-5886-4163-B847-AAC2209B6A44}.Release|x64.Build.0 = Release|Any CPU
		{0C074027-5886-4163-B847-AAC2209B6A44}.Release|x86.ActiveCfg = Release|Any CPU
		{0C074027-5886-4163-B847-AAC2209B6A44}.Release|x86.Build.0 = Release|Any CPU
	EndGlobalSection
	GlobalSection(SolutionProperties) = preSolution
		HideSolutionNode = FALSE
	EndGlobalSection
EndGlobal
